{
    "_meta": {
        "hash": {
            "sha256": "1ae5018e2df3fdbfc055b1b3f99a39786978a936db16853b7456b90d181e25b0"
        },
        "host-environment-markers": {
            "implementation_name": "cpython",
            "implementation_version": "3.5.6",
            "os_name": "posix",
            "platform_machine": "x86_64",
            "platform_python_implementation": "CPython",
            "platform_release": "17.7.0",
            "platform_system": "Darwin",
            "platform_version": "Darwin Kernel Version 17.7.0: Wed Oct 10 23:06:14 PDT 2018; root:xnu-4570.71.13~1/RELEASE_X86_64",
            "python_full_version": "3.5.6",
            "python_version": "3.5",
            "sys_platform": "darwin"
        },
        "pipfile-spec": 6,
        "requires": {
            "python_version": "3.5",
            "requests": ">=2.20.0"
        },
        "sources": [
            {
                "name": "pypi",
                "url": "https://pypi.org/simple",
                "verify_ssl": true
            }
        ]
    },
    "default": {
        "certifi": {
            "hashes": [],
            "version": "==2018.10.15"
        },
        "chardet": {
            "hashes": [],
            "version": "==3.0.4"
        },
        "idna": {
            "hashes": [],
            "version": "==2.7"
        },
        "requests": {
            "hashes": [],
            "version": "==2.20.1"
        },
        "tabulate": {
            "hashes": [],
            "version": "==0.8.2"
        },
        "urllib3": {
            "hashes": [],
            "version": "==1.24.1"
        }
    },
    "develop": {
        "certifi": {
            "hashes": [],
            "version": "==2018.10.15"
        },
        "chardet": {
            "hashes": [],
            "version": "==3.0.4"
        },
        "idna": {
            "hashes": [],
            "version": "==2.7"
        },
        "requests": {
            "hashes": [],
            "version": "==2.20.1"
        },
        "urllib3": {
            "hashes": [],
            "version": "==1.24.1"
        }
    }
}
