{
    "_meta": {
        "hash": {
            "sha256": "ea2fe5be638fed551afca7f9c9a3c234cc41c9aba85a7ceb1aa5fd4ddfc28473"
        },
        "host-environment-markers": {
            "implementation_name": "cpython",
            "implementation_version": "3.6.3",
            "os_name": "posix",
            "platform_machine": "x86_64",
            "platform_python_implementation": "CPython",
            "platform_release": "17.2.0",
            "platform_system": "Darwin",
            "platform_version": "Darwin Kernel Version 17.2.0: Fri Sep 29 18:27:05 PDT 2017; root:xnu-4570.20.62~3/RELEASE_X86_64",
            "python_full_version": "3.6.3",
            "python_version": "3.6",
            "sys_platform": "darwin"
        },
        "pipfile-spec": 6,
        "requires": {
            "python_version": "3.6"
        },
        "sources": [
            {
                "name": "pypi",
                "url": "https://pypi.python.org/simple",
                "verify_ssl": true
            }
        ]
    },
    "default": {
        "aiohttp": {
            "hashes": [
                "sha256:7a2029dcb3e59d70c4520ce95c477577962753b302e3b969c3c97043bd20bc40",
                "sha256:cca6a8715694e0913419b6c0712e33e77d59b73428dd7e9ff18e27851df53a94",
                "sha256:c45d2f20357f04ebb9957074a5139316c01c635f21a54f833ce560846dee795c",
                "sha256:3aaf110f4635db5a1d01f624e441cbcf9c23490d113d8b0c5727f119136d5663",
                "sha256:524107f04ead82e0684f4bcd915fc3d5c936dbcf86d017b8339e396005879085",
                "sha256:14e2f6cd6bc9e40fc79d6d2573fc08231546418f116dcbd30942fb57eec92104",
                "sha256:74ccdd450da8fb2ac29add97624ee4b573c8891b14c7b833a954343f05aa8772",
                "sha256:cc1eee0746ab0c876e246960fdb5a839e63e673b8089c79a4c21f4cba66bcd00",
                "sha256:dbe39eac8a05e2e3b6b8a656dce589bbe3a0d1ab2816e44e64b7595b7bfc1568",
                "sha256:8c14ca8069c0b04aa1c47ec26c494b56bf9dec8085c8cadc655b9cad9719a0df",
                "sha256:2fcec70bcb60f86b1abdf2c9d28b65e53c52a2325001f2cf7ef7afa5bd5387f4",
                "sha256:3d0a11291d70d82a58dd404a89f0a5294e2b2008cf33f8bbac91dbcf3241fcbe",
                "sha256:e20e1b73e7da29b45915cde65fbec1693df221024522bbc38f017e6de101482a",
                "sha256:d367eba9aed4f10ee7a85cdfbfe2a2f492c36d0e34785b97cbc9e9c3b3168c12",
                "sha256:65388aeda85d72b8219c3f8ba33261bc8576da0852e758c555eb17ca2a3069c4",
                "sha256:6be8389b9de30d31946b1ed3cbec37427646851b763e2f4cab1ba0b87709c3af",
                "sha256:f25aac47a1b6e784de0dc4fae2ce1aeaf1c0717801632eec17a304b21e34056f",
                "sha256:dc118fae7e6353166a51caecc2044cd3390688fce57d2330b803fc86ffb48b2e",
                "sha256:850061409274d2528ff78f773da680eab57efd08efadfe035a92c1c20a46964b",
                "sha256:d5ea7feae3cd8e64469ca9d3a6da4981f251b884997007e073cdebc0919a3b55",
                "sha256:d944aacf988a32ccbe62d3f2533ed8beb1c08dbed96260c5f1cd76fae0539f5c",
                "sha256:0111b4c71d1121bfcbd392bbabd573d20f133f491161b87718a07976e0459c32"
            ],
            "version": "==2.3.6"
        },
        "async-generator": {
            "hashes": [
                "sha256:d9253336202cb9df50ba617893fe794c61394a7eb4b9054f285c860f395ac6ff",
                "sha256:928b644cfc92be498f2d6c431e0082ae79ea736fbdf1ce4247881071dd525348"
            ],
            "markers": "python_version == '3.5'",
            "version": "==1.8"
        },
        "async-timeout": {
            "hashes": [
                "sha256:d3a195a827b0f4068d1616ae2da04aac62e365d14f2b13dbc071f9feed9db4e2",
                "sha256:c17d8ac2d735d59aa62737d76f2787a6c938f5a944ecf768a8c0ab70b0dea566"
            ],
            "version": "==2.0.0"
        },
        "attrs": {
            "hashes": [
                "sha256:e7d51b70f19a4da5fe6b3c9938983e0af3b91e230edc504bd73c443d98037063",
                "sha256:c78f53e32d7cf36d8597c8a2c7e3c0ad210f97b9509e152e4c37fa80869f823c"
            ],
            "version": "==17.3.0"
        },
        "chardet": {
            "hashes": [
                "sha256:fc323ffcaeaed0e0a02bf4d117757b98aed530d9ed4531e3e15460124c106691",
                "sha256:84ab92ed1c4d4f16916e05906b6b75a6c0fb5db821cc65e70cbd64a3e2a5eaae"
            ],
            "version": "==3.0.4"
        },
        "multidict": {
            "hashes": [
                "sha256:d12dfcff45b5c0eb3d586289cbf928012e75f93f10f4b9d7af903acb07b3c226",
                "sha256:f7deb65a184cbe757faaf4c6d2b8f203cb1a11dd44603a34d7befc343253d5bf",
                "sha256:80ad69b8330135b52a6da7a1f0ab6a278025bb72ea08768966785c829f515a6f",
                "sha256:3261b631cd6d079e6a20def3306b433794f800ea896dce4f1d5e833ad9bf6f26",
                "sha256:80e2bd17ea98fe77867771e1ee03433a54fa492a8413966a6caa766bdd6d6e62",
                "sha256:8eb59892040198741944eafca0c34be4da6b58be7fddf6e491a2d9e7e1767548",
                "sha256:24ec0d645ca70981e1c84e97e48c874b47f4970a173c8c751be9c213a8658e40",
                "sha256:167558cfb7c43077b3d8602142109f2b52fae0841a7ff97eb0a7443db199f303",
                "sha256:80abc93d197e24fb7c5aa5a8be3eacbcbc7115a2ff64e46162a4c2b46cd2f75a",
                "sha256:ff2b92a41df2e4c5cafaefb782469f3e6053ed00026d75a398521096192d0408",
                "sha256:5cfb63f0ddfa86ce6e80eee64e4fe886f9dfdb6dbbd724997bccb66513b0e29f",
                "sha256:50dac1151e34974b04419073ee9726f4180c6daf3454fd4af258824a19ad8c1d",
                "sha256:ebf1ba2af62dbaa37cf3db346830bb43d40d05a5f1f1966888a620f9b795e7c7",
                "sha256:3f513f3bf933d7cb6f5741f6676d4fac1e96aa634161c071974f9bb86a7bbac9",
                "sha256:ef6dc6e2d51b6058aa62cdd44dbf02c250c19eee6ff0065babc0ac126b068d43",
                "sha256:90dc3b8fefc58a865d64957f8f901d724250ba2a40e02f49d0df0103e96f5afa",
                "sha256:70630854b820d73ae102440123df38c983d77cd4ae444f3930a6bb6bbda87b76",
                "sha256:faf2b6447521d2075d03fb5e7c5467bac68f67df1c69e034ebca3afb6b3c619d",
                "sha256:eb7d5d39463137726138fc14c8458131136b8f4b06ba65f1cecd7aa6abe91df1",
                "sha256:fa04df1503fae7045883c57db47ba0c07de2ebe4a91c3e64d56f20d3d99e5dc8",
                "sha256:bce16633f3ee88863e4c9bcd7e037a6133c56fd9e7e7c0776bbaeeddcf154ac4",
                "sha256:f82e61c7408ed0dce1862100db55595481911f159d6ddec0b375d35b6449509b"
            ],
            "version": "==3.3.2"
        },
        "pluggy": {
            "hashes": [
                "sha256:7f8ae7f5bdf75671a718d2daf0a64b7885f74510bcd98b1a0bb420eb9a9d0cff"
            ],
            "version": "==0.6.0"
        },
        "py": {
            "hashes": [
                "sha256:8cca5c229d225f8c1e3085be4fcf306090b00850fefad892f9d96c7b6e2f310f",
                "sha256:ca18943e28235417756316bfada6cd96b23ce60dd532642690dcfdaba988a76d"
            ],
            "version": "==1.5.2"
        },
        "pytest": {
            "hashes": [
                "sha256:ae4a2d0bae1098bbe938ecd6c20a526d5d47a94dc42ad7331c9ad06d0efe4962",
                "sha256:cf8436dc59d8695346fcd3ab296de46425ecab00d64096cebe79fb51ecb2eb93"
            ],
            "version": "==3.3.1"
        },
        "pytest-asyncio": {
            "hashes": [
                "sha256:286b50773e996c80d894b95afaf45df6952408a67a59979ca9839f94693ec7fd",
                "sha256:f32804bb58a66e13a3eda11f8942a71b1b6a30466b0d2ffe9214787aab0e172e"
            ],
            "version": "==0.8.0"
        },
        "shakedown": {
            "git": "https://github.com/dcos/shakedown.git",
            "ref": "1.4.11"
        },
        "six": {
            "hashes": [
                "sha256:832dc0e10feb1aa2c68dcc57dbb658f1c7e65b9b61af69048abc87a2db00a0eb",
                "sha256:70e8a77beed4562e7f14fe23a786b54f6296e34344c23bc42f07b15018ff98e9"
            ],
            "version": "==1.11.0"
        },
        "yarl": {
            "hashes": [
                "sha256:55dfe4a952fddf3e32c08e3fe004a86b77963d95a4b36c8bdb5acc68960c4767",
                "sha256:5970e4deb2ad23ececbaca8e20e7421d66d84f9a8978eb7d469b931f0a7c5bfa",
                "sha256:6594f27c81012c9bcad46693b599ae3cb6086ef0c32af68160e599e69b7ce2e6",
                "sha256:6f662ff050945163fc70f6c4361807068f66b248d60d7f7d2fe35c6dce7e1490",
                "sha256:3c90b8b89d9e163fb114f8e491f85bc44aacc528d9ade3cb4a210a2340282b15",
                "sha256:c1f6aa4f6647380dfee6a2f560079d2c2b105a6d7ab7c1ad83bc811fc0df7bb2",
                "sha256:e6c302aa976504e4cf299b5ae5385677b77f84b71f84aeddcc56b8841743b27b",
                "sha256:e04c26c4fa6717ceeada129665cf19f630ddffb2df692bc5d51595b97227a5cf",
                "sha256:15ab97fd75bd531ba6e3e2639313db177ba44ec3a68bdd3f531904782872dfe9",
                "sha256:b3b2bfd039b6a89382ad46a20647286b012db34f63e00e39e185cb4df566121f",
                "sha256:620f76a2452f502333392c86074046af6fde72b54065e43530e8417d689b1824",
                "sha256:7a2001e180f169f762f9322066685f94808db5722ce7c4827a248d3f50d88e61",
                "sha256:47622985ecd9b15335d65c1acd54aeb3ba449e6d09b36e37ecfe334c7e7b8d0b"
            ],
            "version": "==0.16.0"
        }
    },
    "develop": {
        "flake8": {
            "hashes": [
                "sha256:c7841163e2b576d435799169b78703ad6ac1bbb0f199994fc05f700b2a90ea37",
                "sha256:7253265f7abd8b313e3892944044a365e3f4ac3fcdcfb4298f55ee9ddf188ba0"
            ],
            "version": "==3.5.0"
        },
        "mccabe": {
            "hashes": [
                "sha256:ab8a6258860da4b6677da4bd2fe5dc2c659cff31b3ee4f7f5d64e79735b80d42",
                "sha256:dd8d182285a0fe56bace7f45b5e7d1a6ebcbf524e8f3bd87eb0f125271b8831f"
            ],
            "version": "==0.6.1"
        },
        "pycodestyle": {
            "hashes": [
                "sha256:6c4245ade1edfad79c3446fadfc96b0de2759662dc29d07d80a6f27ad1ca6ba9",
                "sha256:682256a5b318149ca0d2a9185d365d8864a768a28db66a84a2ea946bcc426766"
            ],
            "version": "==2.3.1"
        },
        "pyflakes": {
            "hashes": [
                "sha256:08bd6a50edf8cffa9fa09a463063c425ecaaf10d1eb0335a7e8b1401aef89e6f",
                "sha256:8d616a382f243dbf19b54743f280b80198be0bca3a5396f1d2e1fca6223e8805"
            ],
            "version": "==1.6.0"
        }
    }
}
