{
  "name": "marathon-assets",
  "version": "0.1.0",
  "dependencies": {
    "backbone": {
      "version": "1.1.2",
      "from": "https://registry.npmjs.org/backbone/-/backbone-1.1.2.tgz",
      "resolved": "https://registry.npmjs.org/backbone/-/backbone-1.1.2.tgz"
    },
    "jquery": {
      "version": "2.1.3",
      "from": "https://registry.npmjs.org/jquery/-/jquery-2.1.3.tgz",
      "resolved": "https://registry.npmjs.org/jquery/-/jquery-2.1.3.tgz"
    },
    "moment": {
      "version": "2.9.0",
      "from": "moment@2.9.0",
      "resolved": "https://registry.npmjs.org/moment/-/moment-2.9.0.tgz"
    },
    "mousetrap": {
      "version": "1.4.6",
      "from": "https://registry.npmjs.org/mousetrap/-/mousetrap-1.4.6.tgz",
      "resolved": "https://registry.npmjs.org/mousetrap/-/mousetrap-1.4.6.tgz"
    },
    "react": {
      "version": "0.12.2",
      "from": "https://registry.npmjs.org/react/-/react-0.12.2.tgz",
      "resolved": "https://registry.npmjs.org/react/-/react-0.12.2.tgz",
      "dependencies": {
        "envify": {
          "version": "3.2.0",
          "from": "https://registry.npmjs.org/envify/-/envify-3.2.0.tgz",
          "resolved": "https://registry.npmjs.org/envify/-/envify-3.2.0.tgz",
          "dependencies": {
            "jstransform": {
              "version": "7.0.0",
              "from": "jstransform@7.0.0",
              "resolved": "https://registry.npmjs.org/jstransform/-/jstransform-7.0.0.tgz",
              "dependencies": {
                "base62": {
                  "version": "0.1.1",
                  "from": "base62@0.1.1",
                  "resolved": "https://registry.npmjs.org/base62/-/base62-0.1.1.tgz"
                },
                "esprima-fb": {
                  "version": "7001.1.0-dev-harmony-fb",
                  "from": "esprima-fb@~7001.0001.0000-dev-harmony-fb",
                  "resolved": "https://registry.npmjs.org/esprima-fb/-/esprima-fb-7001.1.0-dev-harmony-fb.tgz"
                },
                "source-map": {
                  "version": "0.1.31",
                  "from": "source-map@0.1.31",
                  "resolved": "https://registry.npmjs.org/source-map/-/source-map-0.1.31.tgz",
                  "dependencies": {
                    "amdefine": {
                      "version": "0.1.0",
                      "from": "amdefine@>=0.0.4",
                      "resolved": "https://registry.npmjs.org/amdefine/-/amdefine-0.1.0.tgz"
                    }
                  }
                }
              }
            },
            "through": {
              "version": "2.3.6",
              "from": "https://registry.npmjs.org/through/-/through-2.3.6.tgz",
              "resolved": "https://registry.npmjs.org/through/-/through-2.3.6.tgz"
            }
          }
        }
      }
    },
    "react-tools": {
      "version": "0.12.2",
      "from": "https://registry.npmjs.org/react-tools/-/react-tools-0.12.2.tgz",
      "resolved": "https://registry.npmjs.org/react-tools/-/react-tools-0.12.2.tgz",
      "dependencies": {
        "commoner": {
          "version": "0.10.1",
          "from": "https://registry.npmjs.org/commoner/-/commoner-0.10.1.tgz",
          "resolved": "https://registry.npmjs.org/commoner/-/commoner-0.10.1.tgz",
          "dependencies": {
            "commander": {
              "version": "2.5.1",
              "from": "commander@2.5.1",
              "resolved": "https://registry.npmjs.org/commander/-/commander-2.5.1.tgz"
            },
            "glob": {
              "version": "4.2.2",
              "from": "glob@4.2.2",
              "resolved": "https://registry.npmjs.org/glob/-/glob-4.2.2.tgz",
              "dependencies": {
                "inflight": {
                  "version": "1.0.4",
                  "from": "inflight@^1.0.4",
                  "resolved": "https://registry.npmjs.org/inflight/-/inflight-1.0.4.tgz",
                  "dependencies": {
                    "wrappy": {
                      "version": "1.0.1",
                      "from": "wrappy@1",
                      "resolved": "https://registry.npmjs.org/wrappy/-/wrappy-1.0.1.tgz"
                    }
                  }
                },
                "inherits": {
                  "version": "2.0.1",
                  "from": "inherits@2",
                  "resolved": "https://registry.npmjs.org/inherits/-/inherits-2.0.1.tgz"
                },
                "minimatch": {
                  "version": "1.0.0",
                  "from": "minimatch@^1.0.0",
                  "resolved": "https://registry.npmjs.org/minimatch/-/minimatch-1.0.0.tgz",
                  "dependencies": {
                    "lru-cache": {
                      "version": "2.5.0",
                      "from": "lru-cache@2",
                      "resolved": "https://registry.npmjs.org/lru-cache/-/lru-cache-2.5.0.tgz"
                    },
                    "sigmund": {
                      "version": "1.0.0",
                      "from": "sigmund@~1.0.0",
                      "resolved": "https://registry.npmjs.org/sigmund/-/sigmund-1.0.0.tgz"
                    }
                  }
                },
                "once": {
                  "version": "1.3.1",
                  "from": "once@^1.3.0",
                  "resolved": "https://registry.npmjs.org/once/-/once-1.3.1.tgz",
                  "dependencies": {
                    "wrappy": {
                      "version": "1.0.1",
                      "from": "wrappy@1",
                      "resolved": "https://registry.npmjs.org/wrappy/-/wrappy-1.0.1.tgz"
                    }
                  }
                }
              }
            },
            "graceful-fs": {
              "version": "3.0.5",
              "from": "https://registry.npmjs.org/graceful-fs/-/graceful-fs-3.0.5.tgz",
              "resolved": "https://registry.npmjs.org/graceful-fs/-/graceful-fs-3.0.5.tgz"
            },
            "iconv-lite": {
              "version": "0.4.6",
              "from": "https://registry.npmjs.org/iconv-lite/-/iconv-lite-0.4.6.tgz",
              "resolved": "https://registry.npmjs.org/iconv-lite/-/iconv-lite-0.4.6.tgz"
            },
            "install": {
              "version": "0.1.8",
              "from": "https://registry.npmjs.org/install/-/install-0.1.8.tgz",
              "resolved": "https://registry.npmjs.org/install/-/install-0.1.8.tgz"
            },
            "mkdirp": {
              "version": "0.5.0",
              "from": "https://registry.npmjs.org/mkdirp/-/mkdirp-0.5.0.tgz",
              "resolved": "https://registry.npmjs.org/mkdirp/-/mkdirp-0.5.0.tgz",
              "dependencies": {
                "minimist": {
                  "version": "0.0.8",
                  "from": "minimist@0.0.8",
                  "resolved": "https://registry.npmjs.org/minimist/-/minimist-0.0.8.tgz"
                }
              }
            },
            "private": {
              "version": "0.1.6",
              "from": "https://registry.npmjs.org/private/-/private-0.1.6.tgz",
              "resolved": "https://registry.npmjs.org/private/-/private-0.1.6.tgz"
            },
            "q": {
              "version": "1.1.2",
              "from": "https://registry.npmjs.org/q/-/q-1.1.2.tgz",
              "resolved": "https://registry.npmjs.org/q/-/q-1.1.2.tgz"
            },
            "recast": {
              "version": "0.9.15",
              "from": "recast@0.9.15",
              "resolved": "https://registry.npmjs.org/recast/-/recast-0.9.15.tgz",
              "dependencies": {
                "esprima-fb": {
                  "version": "10001.1.0-dev-harmony-fb",
                  "from": "esprima-fb@~10001.1.0-dev-harmony-fb",
                  "resolved": "https://registry.npmjs.org/esprima-fb/-/esprima-fb-10001.1.0-dev-harmony-fb.tgz"
                },
                "source-map": {
                  "version": "0.1.43",
                  "from": "source-map@~0.1.40",
                  "resolved": "https://registry.npmjs.org/source-map/-/source-map-0.1.43.tgz",
                  "dependencies": {
                    "amdefine": {
                      "version": "0.1.0",
                      "from": "amdefine@>=0.0.4",
                      "resolved": "https://registry.npmjs.org/amdefine/-/amdefine-0.1.0.tgz"
                    }
                  }
                },
                "ast-types": {
                  "version": "0.6.10",
                  "from": "ast-types@~0.6.1",
                  "resolved": "https://registry.npmjs.org/ast-types/-/ast-types-0.6.10.tgz"
                }
              }
            }
          }
        },
        "jstransform": {
          "version": "8.2.0",
          "from": "https://registry.npmjs.org/jstransform/-/jstransform-8.2.0.tgz",
          "resolved": "https://registry.npmjs.org/jstransform/-/jstransform-8.2.0.tgz",
          "dependencies": {
            "base62": {
              "version": "0.1.1",
              "from": "base62@0.1.1",
              "resolved": "https://registry.npmjs.org/base62/-/base62-0.1.1.tgz"
            },
            "esprima-fb": {
              "version": "8001.1001.0-dev-harmony-fb",
              "from": "esprima-fb@8001.1001.0-dev-harmony-fb",
              "resolved": "https://registry.npmjs.org/esprima-fb/-/esprima-fb-8001.1001.0-dev-harmony-fb.tgz"
            },
            "source-map": {
              "version": "0.1.31",
              "from": "source-map@0.1.31",
              "resolved": "https://registry.npmjs.org/source-map/-/source-map-0.1.31.tgz",
              "dependencies": {
                "amdefine": {
                  "version": "0.1.0",
                  "from": "amdefine@>=0.0.4",
                  "resolved": "https://registry.npmjs.org/amdefine/-/amdefine-0.1.0.tgz"
                }
              }
            }
          }
        }
      }
    },
    "underscore": {
      "version": "1.7.0",
      "from": "https://registry.npmjs.org/underscore/-/underscore-1.7.0.tgz",
      "resolved": "https://registry.npmjs.org/underscore/-/underscore-1.7.0.tgz"
    }
  }
}
